
Microsoft Visual Studio Solution File, Format Version 12.00
# Visual Studio 15
VisualStudioVersion = 15.0.27703.2026
MinimumVisualStudioVersion = 10.0.40219.1
Project("{2150E333-8FDC-42A3-9474-1A3956D46DE8}") = "FanoutExchangeType", "FanoutExchangeType", "{B80BB5F1-9DB5-4E1D-B644-0F0160B42B2B}"
EndProject
Project("{FAE04EC0-301F-11D3-BF4B-00C04F79EFBC}") = "CA_Fanout.Producer", "CA_Fanout.Producer\CA_Fanout.Producer.csproj", "{EA593E10-44CC-4C25-9170-095030852BC9}"
EndProject
Project("{FAE04EC0-301F-11D3-BF4B-00C04F79EFBC}") = "CA_Fanout.ConsumerOne", "CA_Fanout.ConsumerOne\CA_Fanout.ConsumerOne.csproj", "{98B03F49-C411-43CA-829D-F715E31E169F}"
EndProject
Project("{FAE04EC0-301F-11D3-BF4B-00C04F79EFBC}") = "CA_Fanout.ConsumerTwo", "CA_Fanout.ConsumerTwo\CA_Fanout.ConsumerTwo.csproj", "{258455EE-BB04-452A-A696-11F7F01EC101}"
EndProject
Project("{2150E333-8FDC-42A3-9474-1A3956D46DE8}") = "Helpers", "Helpers", "{DBAE6D53-E135-4B8A-B2BA-292B1B71A79B}"
EndProject
Project("{FAE04EC0-301F-11D3-BF4B-00C04F79EFBC}") = "CL_RabbitConnection", "CL_RabbitConnection\CL_RabbitConnection.csproj", "{BCAB6BB6-F88B-41CD-8D78-C56CA5006C71}"
EndProject
Project("{2150E333-8FDC-42A3-9474-1A3956D46DE8}") = "DirectExchangeType", "DirectExchangeType", "{EB4B3574-4649-42E7-A6CC-96D984846972}"
EndProject
Project("{FAE04EC0-301F-11D3-BF4B-00C04F79EFBC}") = "CA_Direct.Producer", "CA_Direct.Producer\CA_Direct.Producer.csproj", "{0CF05BBE-F89B-4332-B86D-6376ED2BE918}"
EndProject
Project("{FAE04EC0-301F-11D3-BF4B-00C04F79EFBC}") = "CA_Direct.ComsumerOne", "CA_Direct.ComsumerOne\CA_Direct.ComsumerOne.csproj", "{B727B7D2-FF45-4A10-B7E3-20F147C459AC}"
EndProject
Project("{FAE04EC0-301F-11D3-BF4B-00C04F79EFBC}") = "CA_Direct.ComsumerTwo", "CA_Direct.ComsumerTwo\CA_Direct.ComsumerTwo.csproj", "{8BE22E11-AA78-4756-AD50-6D9995E045C9}"
EndProject
Project("{2150E333-8FDC-42A3-9474-1A3956D46DE8}") = "TopicExchangeType", "TopicExchangeType", "{BABB63C5-365F-43CF-819A-DAF8322FEA87}"
EndProject
Project("{FAE04EC0-301F-11D3-BF4B-00C04F79EFBC}") = "CA_Topic.Producer", "CA_Topic.Producer\CA_Topic.Producer.csproj", "{531D6C17-20CF-4A7F-A701-0E4571B2670C}"
EndProject
Project("{FAE04EC0-301F-11D3-BF4B-00C04F79EFBC}") = "CA_Topic.ConsumerOne", "CA_Topic.ConsumerOne\CA_Topic.ConsumerOne.csproj", "{B710E062-C07D-4CFD-A250-B867EE287BE5}"
EndProject
Project("{FAE04EC0-301F-11D3-BF4B-00C04F79EFBC}") = "CA_Topic.ConsumerTwo", "CA_Topic.ConsumerTwo\CA_Topic.ConsumerTwo.csproj", "{B674C4BA-BF5A-4F3E-9292-7AC35EFC633D}"
EndProject
Project("{2150E333-8FDC-42A3-9474-1A3956D46DE8}") = "HeaderExchangeType", "HeaderExchangeType", "{BFAA1D2E-1A5E-44E6-86D6-1586DE924B6B}"
EndProject
Project("{FAE04EC0-301F-11D3-BF4B-00C04F79EFBC}") = "CA_Header.Producer", "CA_Header.Producer\CA_Header.Producer.csproj", "{32F22D53-C1D2-45C0-A3FE-E4A0F69CDAC5}"
EndProject
Project("{FAE04EC0-301F-11D3-BF4B-00C04F79EFBC}") = "CA_Header.ConsumerOne", "CA_Header.ConsumerOne\CA_Header.ConsumerOne.csproj", "{6990BAF6-0A35-41DB-A5FA-93210145D50B}"
EndProject
Project("{2150E333-8FDC-42A3-9474-1A3956D46DE8}") = "LightMessageRabbitMQ", "LightMessageRabbitMQ", "{BF18F248-20E9-4DBC-9A6F-6C2A31EF9C39}"
EndProject
Project("{FAE04EC0-301F-11D3-BF4B-00C04F79EFBC}") = "WFA_RabbitManager", "WFA_RabbitManager\WFA_RabbitManager.csproj", "{6C750B8A-CD04-4C51-BC31-2BBB3B95DB00}"
EndProject
Project("{FAE04EC0-301F-11D3-BF4B-00C04F79EFBC}") = "CL_RabbitManager.Manager", "CL_RabbitManager.Manager\CL_RabbitManager.Manager.csproj", "{AA2C0088-2106-453A-B279-08752F9F25B4}"
EndProject
Project("{FAE04EC0-301F-11D3-BF4B-00C04F79EFBC}") = "CL_RabbitManager.Model", "CL_RabbitManager.Model\CL_RabbitManager.Model.csproj", "{74819DA9-1E7B-4DCA-834A-8957FA247E57}"
EndProject
Project("{FAE04EC0-301F-11D3-BF4B-00C04F79EFBC}") = "CA_Header.ConsumerTwo", "CA_Header.ConsumerTwo\CA_Header.ConsumerTwo.csproj", "{6CC99875-6FB7-42BF-BFA4-CFD676D752E8}"
EndProject
Global
	GlobalSection(SolutionConfigurationPlatforms) = preSolution
		Debug|Any CPU = Debug|Any CPU
		Release|Any CPU = Release|Any CPU
	EndGlobalSection
	GlobalSection(ProjectConfigurationPlatforms) = postSolution
		{EA593E10-44CC-4C25-9170-095030852BC9}.Debug|Any CPU.ActiveCfg = Debug|Any CPU
		{EA593E10-44CC-4C25-9170-095030852BC9}.Debug|Any CPU.Build.0 = Debug|Any CPU
		{EA593E10-44CC-4C25-9170-095030852BC9}.Release|Any CPU.ActiveCfg = Release|Any CPU
		{EA593E10-44CC-4C25-9170-095030852BC9}.Release|Any CPU.Build.0 = Release|Any CPU
		{98B03F49-C411-43CA-829D-F715E31E169F}.Debug|Any CPU.ActiveCfg = Debug|Any CPU
		{98B03F49-C411-43CA-829D-F715E31E169F}.Debug|Any CPU.Build.0 = Debug|Any CPU
		{98B03F49-C411-43CA-829D-F715E31E169F}.Release|Any CPU.ActiveCfg = Release|Any CPU
		{98B03F49-C411-43CA-829D-F715E31E169F}.Release|Any CPU.Build.0 = Release|Any CPU
		{258455EE-BB04-452A-A696-11F7F01EC101}.Debug|Any CPU.ActiveCfg = Debug|Any CPU
		{258455EE-BB04-452A-A696-11F7F01EC101}.Debug|Any CPU.Build.0 = Debug|Any CPU
		{258455EE-BB04-452A-A696-11F7F01EC101}.Release|Any CPU.ActiveCfg = Release|Any CPU
		{258455EE-BB04-452A-A696-11F7F01EC101}.Release|Any CPU.Build.0 = Release|Any CPU
		{BCAB6BB6-F88B-41CD-8D78-C56CA5006C71}.Debug|Any CPU.ActiveCfg = Debug|Any CPU
		{BCAB6BB6-F88B-41CD-8D78-C56CA5006C71}.Debug|Any CPU.Build.0 = Debug|Any CPU
		{BCAB6BB6-F88B-41CD-8D78-C56CA5006C71}.Release|Any CPU.ActiveCfg = Release|Any CPU
		{BCAB6BB6-F88B-41CD-8D78-C56CA5006C71}.Release|Any CPU.Build.0 = Release|Any CPU
		{0CF05BBE-F89B-4332-B86D-6376ED2BE918}.Debug|Any CPU.ActiveCfg = Debug|Any CPU
		{0CF05BBE-F89B-4332-B86D-6376ED2BE918}.Debug|Any CPU.Build.0 = Debug|Any CPU
		{0CF05BBE-F89B-4332-B86D-6376ED2BE918}.Release|Any CPU.ActiveCfg = Release|Any CPU
		{0CF05BBE-F89B-4332-B86D-6376ED2BE918}.Release|Any CPU.Build.0 = Release|Any CPU
		{B727B7D2-FF45-4A10-B7E3-20F147C459AC}.Debug|Any CPU.ActiveCfg = Debug|Any CPU
		{B727B7D2-FF45-4A10-B7E3-20F147C459AC}.Debug|Any CPU.Build.0 = Debug|Any CPU
		{B727B7D2-FF45-4A10-B7E3-20F147C459AC}.Release|Any CPU.ActiveCfg = Release|Any CPU
		{B727B7D2-FF45-4A10-B7E3-20F147C459AC}.Release|Any CPU.Build.0 = Release|Any CPU
		{8BE22E11-AA78-4756-AD50-6D9995E045C9}.Debug|Any CPU.ActiveCfg = Debug|Any CPU
		{8BE22E11-AA78-4756-AD50-6D9995E045C9}.Debug|Any CPU.Build.0 = Debug|Any CPU
		{8BE22E11-AA78-4756-AD50-6D9995E045C9}.Release|Any CPU.ActiveCfg = Release|Any CPU
		{8BE22E11-AA78-4756-AD50-6D9995E045C9}.Release|Any CPU.Build.0 = Release|Any CPU
		{531D6C17-20CF-4A7F-A701-0E4571B2670C}.Debug|Any CPU.ActiveCfg = Debug|Any CPU
		{531D6C17-20CF-4A7F-A701-0E4571B2670C}.Debug|Any CPU.Build.0 = Debug|Any CPU
		{531D6C17-20CF-4A7F-A701-0E4571B2670C}.Release|Any CPU.ActiveCfg = Release|Any CPU
		{531D6C17-20CF-4A7F-A701-0E4571B2670C}.Release|Any CPU.Build.0 = Release|Any CPU
		{B710E062-C07D-4CFD-A250-B867EE287BE5}.Debug|Any CPU.ActiveCfg = Debug|Any CPU
		{B710E062-C07D-4CFD-A250-B867EE287BE5}.Debug|Any CPU.Build.0 = Debug|Any CPU
		{B710E062-C07D-4CFD-A250-B867EE287BE5}.Release|Any CPU.ActiveCfg = Release|Any CPU
		{B710E062-C07D-4CFD-A250-B867EE287BE5}.Release|Any CPU.Build.0 = Release|Any CPU
		{B674C4BA-BF5A-4F3E-9292-7AC35EFC633D}.Debug|Any CPU.ActiveCfg = Debug|Any CPU
		{B674C4BA-BF5A-4F3E-9292-7AC35EFC633D}.Debug|Any CPU.Build.0 = Debug|Any CPU
		{B674C4BA-BF5A-4F3E-9292-7AC35EFC633D}.Release|Any CPU.ActiveCfg = Release|Any CPU
		{B674C4BA-BF5A-4F3E-9292-7AC35EFC633D}.Release|Any CPU.Build.0 = Release|Any CPU
		{32F22D53-C1D2-45C0-A3FE-E4A0F69CDAC5}.Debug|Any CPU.ActiveCfg = Debug|Any CPU
		{32F22D53-C1D2-45C0-A3FE-E4A0F69CDAC5}.Debug|Any CPU.Build.0 = Debug|Any CPU
		{32F22D53-C1D2-45C0-A3FE-E4A0F69CDAC5}.Release|Any CPU.ActiveCfg = Release|Any CPU
		{32F22D53-C1D2-45C0-A3FE-E4A0F69CDAC5}.Release|Any CPU.Build.0 = Release|Any CPU
		{6990BAF6-0A35-41DB-A5FA-93210145D50B}.Debug|Any CPU.ActiveCfg = Debug|Any CPU
		{6990BAF6-0A35-41DB-A5FA-93210145D50B}.Debug|Any CPU.Build.0 = Debug|Any CPU
		{6990BAF6-0A35-41DB-A5FA-93210145D50B}.Release|Any CPU.ActiveCfg = Release|Any CPU
		{6990BAF6-0A35-41DB-A5FA-93210145D50B}.Release|Any CPU.Build.0 = Release|Any CPU
		{6C750B8A-CD04-4C51-BC31-2BBB3B95DB00}.Debug|Any CPU.ActiveCfg = Debug|Any CPU
		{6C750B8A-CD04-4C51-BC31-2BBB3B95DB00}.Debug|Any CPU.Build.0 = Debug|Any CPU
		{6C750B8A-CD04-4C51-BC31-2BBB3B95DB00}.Release|Any CPU.ActiveCfg = Release|Any CPU
		{6C750B8A-CD04-4C51-BC31-2BBB3B95DB00}.Release|Any CPU.Build.0 = Release|Any CPU
		{AA2C0088-2106-453A-B279-08752F9F25B4}.Debug|Any CPU.ActiveCfg = Debug|Any CPU
		{AA2C0088-2106-453A-B279-08752F9F25B4}.Debug|Any CPU.Build.0 = Debug|Any CPU
		{AA2C0088-2106-453A-B279-08752F9F25B4}.Release|Any CPU.ActiveCfg = Release|Any CPU
		{AA2C0088-2106-453A-B279-08752F9F25B4}.Release|Any CPU.Build.0 = Release|Any CPU
		{74819DA9-1E7B-4DCA-834A-8957FA247E57}.Debug|Any CPU.ActiveCfg = Debug|Any CPU
		{74819DA9-1E7B-4DCA-834A-8957FA247E57}.Debug|Any CPU.Build.0 = Debug|Any CPU
		{74819DA9-1E7B-4DCA-834A-8957FA247E57}.Release|Any CPU.ActiveCfg = Release|Any CPU
		{74819DA9-1E7B-4DCA-834A-8957FA247E57}.Release|Any CPU.Build.0 = Release|Any CPU
		{6CC99875-6FB7-42BF-BFA4-CFD676D752E8}.Debug|Any CPU.ActiveCfg = Debug|Any CPU
		{6CC99875-6FB7-42BF-BFA4-CFD676D752E8}.Debug|Any CPU.Build.0 = Debug|Any CPU
		{6CC99875-6FB7-42BF-BFA4-CFD676D752E8}.Release|Any CPU.ActiveCfg = Release|Any CPU
		{6CC99875-6FB7-42BF-BFA4-CFD676D752E8}.Release|Any CPU.Build.0 = Release|Any CPU
	EndGlobalSection
	GlobalSection(SolutionProperties) = preSolution
		HideSolutionNode = FALSE
	EndGlobalSection
	GlobalSection(NestedProjects) = preSolution
		{EA593E10-44CC-4C25-9170-095030852BC9} = {B80BB5F1-9DB5-4E1D-B644-0F0160B42B2B}
		{98B03F49-C411-43CA-829D-F715E31E169F} = {B80BB5F1-9DB5-4E1D-B644-0F0160B42B2B}
		{258455EE-BB04-452A-A696-11F7F01EC101} = {B80BB5F1-9DB5-4E1D-B644-0F0160B42B2B}
		{BCAB6BB6-F88B-41CD-8D78-C56CA5006C71} = {DBAE6D53-E135-4B8A-B2BA-292B1B71A79B}
		{0CF05BBE-F89B-4332-B86D-6376ED2BE918} = {EB4B3574-4649-42E7-A6CC-96D984846972}
		{B727B7D2-FF45-4A10-B7E3-20F147C459AC} = {EB4B3574-4649-42E7-A6CC-96D984846972}
		{8BE22E11-AA78-4756-AD50-6D9995E045C9} = {EB4B3574-4649-42E7-A6CC-96D984846972}
		{531D6C17-20CF-4A7F-A701-0E4571B2670C} = {BABB63C5-365F-43CF-819A-DAF8322FEA87}
		{B710E062-C07D-4CFD-A250-B867EE287BE5} = {BABB63C5-365F-43CF-819A-DAF8322FEA87}
		{B674C4BA-BF5A-4F3E-9292-7AC35EFC633D} = {BABB63C5-365F-43CF-819A-DAF8322FEA87}
		{32F22D53-C1D2-45C0-A3FE-E4A0F69CDAC5} = {BFAA1D2E-1A5E-44E6-86D6-1586DE924B6B}
		{6990BAF6-0A35-41DB-A5FA-93210145D50B} = {BFAA1D2E-1A5E-44E6-86D6-1586DE924B6B}
		{6C750B8A-CD04-4C51-BC31-2BBB3B95DB00} = {BF18F248-20E9-4DBC-9A6F-6C2A31EF9C39}
		{AA2C0088-2106-453A-B279-08752F9F25B4} = {BF18F248-20E9-4DBC-9A6F-6C2A31EF9C39}
		{74819DA9-1E7B-4DCA-834A-8957FA247E57} = {BF18F248-20E9-4DBC-9A6F-6C2A31EF9C39}
		{6CC99875-6FB7-42BF-BFA4-CFD676D752E8} = {BFAA1D2E-1A5E-44E6-86D6-1586DE924B6B}
	EndGlobalSection
	GlobalSection(ExtensibilityGlobals) = postSolution
		SolutionGuid = {ED41A5A4-B7C6-4B44-8DF1-7506649D8893}
	EndGlobalSection
EndGlobal
